
Microsoft Visual Studio Solution File, Format Version 12.00
# Visual Studio Version 17
VisualStudioVersion = 17.7.34031.279
MinimumVisualStudioVersion = 10.0.40219.1
Project("{FAE04EC0-301F-11D3-BF4B-00C04F79EFBC}") = "first test task", "first test task\first test task.csproj", "{FDD9B65A-D8BE-4F1D-B823-D1E1B7ED3829}"
EndProject
Global
	GlobalSection(SolutionConfigurationPlatforms) = preSolution
		Debug|Any CPU = Debug|Any CPU
		Release|Any CPU = Release|Any CPU
	EndGlobalSection
	GlobalSection(ProjectConfigurationPlatforms) = postSolution
		{FDD9B65A-D8BE-4F1D-B823-D1E1B7ED3829}.Debug|Any CPU.ActiveCfg = Debug|Any CPU
		{FDD9B65A-D8BE-4F1D-B823-D1E1B7ED3829}.Debug|Any CPU.Build.0 = Debug|Any CPU
		{FDD9B65A-D8BE-4F1D-B823-D1E1B7ED3829}.Release|Any CPU.ActiveCfg = Release|Any CPU
		{FDD9B65A-D8BE-4F1D-B823-D1E1B7ED3829}.Release|Any CPU.Build.0 = Release|Any CPU
	EndGlobalSection
	GlobalSection(SolutionProperties) = preSolution
		HideSolutionNode = FALSE
	EndGlobalSection
	GlobalSection(ExtensibilityGlobals) = postSolution
		SolutionGuid = {7BDF1769-7873-4B18-B559-C47F76667825}
	EndGlobalSection
EndGlobal
